
Microsoft Visual Studio Solution File, Format Version 12.00
# Visual Studio Version 17
VisualStudioVersion = 17.3.32825.248
MinimumVisualStudioVersion = 10.0.40219.1
Project("{FAE04EC0-301F-11D3-BF4B-00C04F79EFBC}") = "Nomina", "Nomina\Nomina.csproj", "{6CE31AF5-0687-4947-BFCE-C588AA23177B}"
EndProject
Global
	GlobalSection(SolutionConfigurationPlatforms) = preSolution
		Debug|Any CPU = Debug|Any CPU
		Release|Any CPU = Release|Any CPU
	EndGlobalSection
	GlobalSection(ProjectConfigurationPlatforms) = postSolution
		{6CE31AF5-0687-4947-BFCE-C588AA23177B}.Debug|Any CPU.ActiveCfg = Debug|Any CPU
		{6CE31AF5-0687-4947-BFCE-C588AA23177B}.Debug|Any CPU.Build.0 = Debug|Any CPU
		{6CE31AF5-0687-4947-BFCE-C588AA23177B}.Release|Any CPU.ActiveCfg = Release|Any CPU
		{6CE31AF5-0687-4947-BFCE-C588AA23177B}.Release|Any CPU.Build.0 = Release|Any CPU
	EndGlobalSection
	GlobalSection(SolutionProperties) = preSolution
		HideSolutionNode = FALSE
	EndGlobalSection
	GlobalSection(ExtensibilityGlobals) = postSolution
		SolutionGuid = {A4346BDB-CDDA-4A5F-8E9E-D1A3C076096C}
	EndGlobalSection
EndGlobal
